
Microsoft Visual Studio Solution File, Format Version 12.00
# Visual Studio Version 17
VisualStudioVersion = 17.0.31903.59
MinimumVisualStudioVersion = 10.0.40219.1
Project("{2150E333-8FDC-42A3-9474-1A3956D46DE8}") = "src", "src", "{827E0CD3-B72D-47B6-A68D-7590B98EB39B}"
EndProject
Project("{FAE04EC0-301F-11D3-BF4B-00C04F79EFBC}") = "SMS.Domain", "src\SMS.Domain\SMS.Domain.csproj", "{F5505384-C1B3-40B1-A326-279A97E37526}"
EndProject
Project("{FAE04EC0-301F-11D3-BF4B-00C04F79EFBC}") = "SMS.Application", "src\SMS.Application\SMS.Application.csproj", "{D4CFFC05-1E5C-46ED-97A5-70A11096E117}"
EndProject
Project("{FAE04EC0-301F-11D3-BF4B-00C04F79EFBC}") = "SMS.Infrastructure", "src\SMS.Infrastructure\SMS.Infrastructure.csproj", "{F95AEF81-8089-47DF-853B-068D2D3FB698}"
EndProject
Project("{FAE04EC0-301F-11D3-BF4B-00C04F79EFBC}") = "SMS.Api", "src\SMS.Api\SMS.Api.csproj", "{47324FA9-9FBC-40A2-B852-CB98B8ADEC59}"
EndProject
Global
	GlobalSection(SolutionConfigurationPlatforms) = preSolution
		Debug|Any CPU = Debug|Any CPU
		Debug|x64 = Debug|x64
		Debug|x86 = Debug|x86
		Release|Any CPU = Release|Any CPU
		Release|x64 = Release|x64
		Release|x86 = Release|x86
	EndGlobalSection
	GlobalSection(ProjectConfigurationPlatforms) = postSolution
		{F5505384-C1B3-40B1-A326-279A97E37526}.Debug|Any CPU.ActiveCfg = Debug|Any CPU
		{F5505384-C1B3-40B1-A326-279A97E37526}.Debug|Any CPU.Build.0 = Debug|Any CPU
		{F5505384-C1B3-40B1-A326-279A97E37526}.Debug|x64.ActiveCfg = Debug|Any CPU
		{F5505384-C1B3-40B1-A326-279A97E37526}.Debug|x64.Build.0 = Debug|Any CPU
		{F5505384-C1B3-40B1-A326-279A97E37526}.Debug|x86.ActiveCfg = Debug|Any CPU
		{F5505384-C1B3-40B1-A326-279A97E37526}.Debug|x86.Build.0 = Debug|Any CPU
		{F5505384-C1B3-40B1-A326-279A97E37526}.Release|Any CPU.ActiveCfg = Release|Any CPU
		{F5505384-C1B3-40B1-A326-279A97E37526}.Release|Any CPU.Build.0 = Release|Any CPU
		{F5505384-C1B3-40B1-A326-279A97E37526}.Release|x64.ActiveCfg = Release|Any CPU
		{F5505384-C1B3-40B1-A326-279A97E37526}.Release|x64.Build.0 = Release|Any CPU
		{F5505384-C1B3-40B1-A326-279A97E37526}.Release|x86.ActiveCfg = Release|Any CPU
		{F5505384-C1B3-40B1-A326-279A97E37526}.Release|x86.Build.0 = Release|Any CPU
		{D4CFFC05-1E5C-46ED-97A5-70A11096E117}.Debug|Any CPU.ActiveCfg = Debug|Any CPU
		{D4CFFC05-1E5C-46ED-97A5-70A11096E117}.Debug|Any CPU.Build.0 = Debug|Any CPU
		{D4CFFC05-1E5C-46ED-97A5-70A11096E117}.Debug|x64.ActiveCfg = Debug|Any CPU
		{D4CFFC05-1E5C-46ED-97A5-70A11096E117}.Debug|x64.Build.0 = Debug|Any CPU
		{D4CFFC05-1E5C-46ED-97A5-70A11096E117}.Debug|x86.ActiveCfg = Debug|Any CPU
		{D4CFFC05-1E5C-46ED-97A5-70A11096E117}.Debug|x86.Build.0 = Debug|Any CPU
		{D4CFFC05-1E5C-46ED-97A5-70A11096E117}.Release|Any CPU.ActiveCfg = Release|Any CPU
		{D4CFFC05-1E5C-46ED-97A5-70A11096E117}.Release|Any CPU.Build.0 = Release|Any CPU
		{D4CFFC05-1E5C-46ED-97A5-70A11096E117}.Release|x64.ActiveCfg = Release|Any CPU
		{D4CFFC05-1E5C-46ED-97A5-70A11096E117}.Release|x64.Build.0 = Release|Any CPU
		{D4CFFC05-1E5C-46ED-97A5-70A11096E117}.Release|x86.ActiveCfg = Release|Any CPU
		{D4CFFC05-1E5C-46ED-97A5-70A11096E117}.Release|x86.Build.0 = Release|Any CPU
		{F95AEF81-8089-47DF-853B-068D2D3FB698}.Debug|Any CPU.ActiveCfg = Debug|Any CPU
		{F95AEF81-8089-47DF-853B-068D2D3FB698}.Debug|Any CPU.Build.0 = Debug|Any CPU
		{F95AEF81-8089-47DF-853B-068D2D3FB698}.Debug|x64.ActiveCfg = Debug|Any CPU
		{F95AEF81-8089-47DF-853B-068D2D3FB698}.Debug|x64.Build.0 = Debug|Any CPU
		{F95AEF81-8089-47DF-853B-068D2D3FB698}.Debug|x86.ActiveCfg = Debug|Any CPU
		{F95AEF81-8089-47DF-853B-068D2D3FB698}.Debug|x86.Build.0 = Debug|Any CPU
		{F95AEF81-8089-47DF-853B-068D2D3FB698}.Release|Any CPU.ActiveCfg = Release|Any CPU
		{F95AEF81-8089-47DF-853B-068D2D3FB698}.Release|Any CPU.Build.0 = Release|Any CPU
		{F95AEF81-8089-47DF-853B-068D2D3FB698}.Release|x64.ActiveCfg = Release|Any CPU
		{F95AEF81-8089-47DF-853B-068D2D3FB698}.Release|x64.Build.0 = Release|Any CPU
		{F95AEF81-8089-47DF-853B-068D2D3FB698}.Release|x86.ActiveCfg = Release|Any CPU
		{F95AEF81-8089-47DF-853B-068D2D3FB698}.Release|x86.Build.0 = Release|Any CPU
		{47324FA9-9FBC-40A2-B852-CB98B8ADEC59}.Debug|Any CPU.ActiveCfg = Debug|Any CPU
		{47324FA9-9FBC-40A2-B852-CB98B8ADEC59}.Debug|Any CPU.Build.0 = Debug|Any CPU
		{47324FA9-9FBC-40A2-B852-CB98B8ADEC59}.Debug|x64.ActiveCfg = Debug|Any CPU
		{47324FA9-9FBC-40A2-B852-CB98B8ADEC59}.Debug|x64.Build.0 = Debug|Any CPU
		{47324FA9-9FBC-40A2-B852-CB98B8ADEC59}.Debug|x86.ActiveCfg = Debug|Any CPU
		{47324FA9-9FBC-40A2-B852-CB98B8ADEC59}.Debug|x86.Build.0 = Debug|Any CPU
		{47324FA9-9FBC-40A2-B852-CB98B8ADEC59}.Release|Any CPU.ActiveCfg = Release|Any CPU
		{47324FA9-9FBC-40A2-B852-CB98B8ADEC59}.Release|Any CPU.Build.0 = Release|Any CPU
		{47324FA9-9FBC-40A2-B852-CB98B8ADEC59}.Release|x64.ActiveCfg = Release|Any CPU
		{47324FA9-9FBC-40A2-B852-CB98B8ADEC59}.Release|x64.Build.0 = Release|Any CPU
		{47324FA9-9FBC-40A2-B852-CB98B8ADEC59}.Release|x86.ActiveCfg = Release|Any CPU
		{47324FA9-9FBC-40A2-B852-CB98B8ADEC59}.Release|x86.Build.0 = Release|Any CPU
	EndGlobalSection
	GlobalSection(SolutionProperties) = preSolution
		HideSolutionNode = FALSE
	EndGlobalSection
	GlobalSection(NestedProjects) = preSolution
		{F5505384-C1B3-40B1-A326-279A97E37526} = {827E0CD3-B72D-47B6-A68D-7590B98EB39B}
		{D4CFFC05-1E5C-46ED-97A5-70A11096E117} = {827E0CD3-B72D-47B6-A68D-7590B98EB39B}
		{F95AEF81-8089-47DF-853B-068D2D3FB698} = {827E0CD3-B72D-47B6-A68D-7590B98EB39B}
		{47324FA9-9FBC-40A2-B852-CB98B8ADEC59} = {827E0CD3-B72D-47B6-A68D-7590B98EB39B}
	EndGlobalSection
EndGlobal
